
Microsoft Visual Studio Solution File, Format Version 12.00
# Visual Studio 14
VisualStudioVersion = 14.0.25420.1
MinimumVisualStudioVersion = 10.0.40219.1
Project("{FAE04EC0-301F-11D3-BF4B-00C04F79EFBC}") = "AntHill", "AntHill\AntHill.csproj", "{456AAC2C-E6E6-4FE8-8601-11AD3296B1D1}"
EndProject
Project("{FAE04EC0-301F-11D3-BF4B-00C04F79EFBC}") = "ClassLibraryAntHill", "ClassLibraryAntHill\ClassLibraryAntHill.csproj", "{E26464B2-A803-4306-890D-DC4B70A02748}"
EndProject
Global
	GlobalSection(SolutionConfigurationPlatforms) = preSolution
		Debug|Any CPU = Debug|Any CPU
		Release|Any CPU = Release|Any CPU
	EndGlobalSection
	GlobalSection(ProjectConfigurationPlatforms) = postSolution
		{456AAC2C-E6E6-4FE8-8601-11AD3296B1D1}.Debug|Any CPU.ActiveCfg = Debug|Any CPU
		{456AAC2C-E6E6-4FE8-8601-11AD3296B1D1}.Debug|Any CPU.Build.0 = Debug|Any CPU
		{456AAC2C-E6E6-4FE8-8601-11AD3296B1D1}.Release|Any CPU.ActiveCfg = Release|Any CPU
		{456AAC2C-E6E6-4FE8-8601-11AD3296B1D1}.Release|Any CPU.Build.0 = Release|Any CPU
		{E26464B2-A803-4306-890D-DC4B70A02748}.Debug|Any CPU.ActiveCfg = Debug|Any CPU
		{E26464B2-A803-4306-890D-DC4B70A02748}.Debug|Any CPU.Build.0 = Debug|Any CPU
		{E26464B2-A803-4306-890D-DC4B70A02748}.Release|Any CPU.ActiveCfg = Release|Any CPU
		{E26464B2-A803-4306-890D-DC4B70A02748}.Release|Any CPU.Build.0 = Release|Any CPU
	EndGlobalSection
	GlobalSection(SolutionProperties) = preSolution
		HideSolutionNode = FALSE
	EndGlobalSection
EndGlobal
